// !$*UTF8*$!
{
	archiveVersion = 1;
	classes = {
	};
	objectVersion = 46;
	objects = {

/* Begin PBXBuildFile section */
		9734C2D01BFD5C5D005E0E5E /* main.m in Sources */ = {isa = PBXBuildFile; fileRef = 9734C2CF1BFD5C5D005E0E5E /* main.m */; };
		9734C2D31BFD5C5D005E0E5E /* AppDelegate.m in Sources */ = {isa = PBXBuildFile; fileRef = 9734C2D21BFD5C5D005E0E5E /* AppDelegate.m */; };
		9734C2DB1BFD5C5D005E0E5E /* Assets.xcassets in Resources */ = {isa = PBXBuildFile; fileRef = 9734C2DA1BFD5C5D005E0E5E /* Assets.xcassets */; };
		9734C2EF1BFD5EAA005E0E5E /* Aspects.m in Sources */ = {isa = PBXBuildFile; fileRef = 9734C2EE1BFD5EAA005E0E5E /* Aspects.m */; settings = {ASSET_TAGS = (); COMPILER_FLAGS = "-fobjc-arc"; }; };
		9734C2F61BFD5F35005E0E5E /* Default-568h@2x.png in Resources */ = {isa = PBXBuildFile; fileRef = 9734C2F41BFD5F35005E0E5E /* Default-568h@2x.png */; };
		9734C3021BFD6365005E0E5E /* AWLocalize.bundle in Resources */ = {isa = PBXBuildFile; fileRef = 9734C3011BFD6365005E0E5E /* AWLocalize.bundle */; };
		9734C3051BFD638F005E0E5E /* AWLocale.m in Sources */ = {isa = PBXBuildFile; fileRef = 9734C3041BFD638F005E0E5E /* AWLocale.m */; };
		9734C30F1BFD650D005E0E5E /* NSDataAdditions.m in Sources */ = {isa = PBXBuildFile; fileRef = 9734C3081BFD650D005E0E5E /* NSDataAdditions.m */; };
		9734C3101BFD650D005E0E5E /* NSDateAdditions.m in Sources */ = {isa = PBXBuildFile; fileRef = 9734C30A1BFD650D005E0E5E /* NSDateAdditions.m */; };
		9734C3111BFD650D005E0E5E /* NSObjectAdditions.m in Sources */ = {isa = PBXBuildFile; fileRef = 9734C30C1BFD650D005E0E5E /* NSObjectAdditions.m */; };
		9734C3121BFD650D005E0E5E /* NSStringAdditions.m in Sources */ = {isa = PBXBuildFile; fileRef = 9734C30E1BFD650D005E0E5E /* NSStringAdditions.m */; };
		9734C3161BFD656C005E0E5E /* AWEntityTables.m in Sources */ = {isa = PBXBuildFile; fileRef = 9734C3151BFD656C005E0E5E /* AWEntityTables.m */; };
		9734C3191BFD6576005E0E5E /* AWMarkupStripper.m in Sources */ = {isa = PBXBuildFile; fileRef = 9734C3181BFD6576005E0E5E /* AWMarkupStripper.m */; };
		9734C31D1BFD6CC8005E0E5E /* HomeViewController.m in Sources */ = {isa = PBXBuildFile; fileRef = 9734C31C1BFD6CC8005E0E5E /* HomeViewController.m */; };
		9734C3201BFD6CDA005E0E5E /* FavoritesViewController.m in Sources */ = {isa = PBXBuildFile; fileRef = 9734C31F1BFD6CDA005E0E5E /* FavoritesViewController.m */; };
		9734C3231BFD6CED005E0E5E /* MessagesViewController.m in Sources */ = {isa = PBXBuildFile; fileRef = 9734C3221BFD6CED005E0E5E /* MessagesViewController.m */; };
		9734C3261BFD6D11005E0E5E /* UserViewController.m in Sources */ = {isa = PBXBuildFile; fileRef = 9734C3251BFD6D11005E0E5E /* UserViewController.m */; };
		9734C3291BFD6D30005E0E5E /* PublishViewController.m in Sources */ = {isa = PBXBuildFile; fileRef = 9734C3281BFD6D30005E0E5E /* PublishViewController.m */; };
		9734C32D1BFD750D005E0E5E /* CustomTabBarController.m in Sources */ = {isa = PBXBuildFile; fileRef = 9734C32C1BFD750D005E0E5E /* CustomTabBarController.m */; };
		9734C3301BFD895F005E0E5E /* UITabBarController+CustomTabBar.m in Sources */ = {isa = PBXBuildFile; fileRef = 9734C32F1BFD895F005E0E5E /* UITabBarController+CustomTabBar.m */; };
		97BD119A1BFDAD5D00641C79 /* AWUIUtils.m in Sources */ = {isa = PBXBuildFile; fileRef = 97BD11991BFDAD5D00641C79 /* AWUIUtils.m */; };
		97BD11A01BFDAF6300641C79 /* UIWindowAdditions.m in Sources */ = {isa = PBXBuildFile; fileRef = 97BD119F1BFDAF6300641C79 /* UIWindowAdditions.m */; };
		97BD11A71BFDB69100641C79 /* UIImageAdditions.m in Sources */ = {isa = PBXBuildFile; fileRef = 97BD11A21BFDB69100641C79 /* UIImageAdditions.m */; };
		97BD11A81BFDB69100641C79 /* UIViewAdditions.m in Sources */ = {isa = PBXBuildFile; fileRef = 97BD11A41BFDB69100641C79 /* UIViewAdditions.m */; };
		97BD11AD1BFDBBA900641C79 /* UITableViewAdditions.m in Sources */ = {isa = PBXBuildFile; fileRef = 97BD11AB1BFDBBA900641C79 /* UITableViewAdditions.m */; };
		97BD11B31BFDC2D900641C79 /* AWBaseViewController.m in Sources */ = {isa = PBXBuildFile; fileRef = 97BD11B21BFDC2D900641C79 /* AWBaseViewController.m */; };
		97BD11C21BFDC2F300641C79 /* AWCustomNavBar.m in Sources */ = {isa = PBXBuildFile; fileRef = 97BD11B51BFDC2F300641C79 /* AWCustomNavBar.m */; };
		97BD11C31BFDC2F300641C79 /* AWCommandButton.m in Sources */ = {isa = PBXBuildFile; fileRef = 97BD11B71BFDC2F300641C79 /* AWCommandButton.m */; };
		97BD11C41BFDC2F300641C79 /* AWTableView.m in Sources */ = {isa = PBXBuildFile; fileRef = 97BD11B91BFDC2F300641C79 /* AWTableView.m */; };
		97BD11C51BFDC2F300641C79 /* AWTableViewCell.m in Sources */ = {isa = PBXBuildFile; fileRef = 97BD11BB1BFDC2F300641C79 /* AWTableViewCell.m */; };
		97BD11C61BFDC2F300641C79 /* AWButton.m in Sources */ = {isa = PBXBuildFile; fileRef = 97BD11BD1BFDC2F300641C79 /* AWButton.m */; };
		97BD11C71BFDC2F300641C79 /* AWMaskView.m in Sources */ = {isa = PBXBuildFile; fileRef = 97BD11BF1BFDC2F300641C79 /* AWMaskView.m */; };
		97BD11C81BFDC2F300641C79 /* AWBaseView.m in Sources */ = {isa = PBXBuildFile; fileRef = 97BD11C11BFDC2F300641C79 /* AWBaseView.m */; };
		97BD11D01BFDC5BA00641C79 /* Command.m in Sources */ = {isa = PBXBuildFile; fileRef = 97BD11CB1BFDC5BA00641C79 /* Command.m */; };
		97BD11D11BFDC5BA00641C79 /* ShareCommand.m in Sources */ = {isa = PBXBuildFile; fileRef = 97BD11CD1BFDC5BA00641C79 /* ShareCommand.m */; };
		97BD11D21BFDC5BA00641C79 /* SendMailCommand.m in Sources */ = {isa = PBXBuildFile; fileRef = 97BD11CF1BFDC5BA00641C79 /* SendMailCommand.m */; };
		97BD11D71BFDC61800641C79 /* AWToast.m in Sources */ = {isa = PBXBuildFile; fileRef = 97BD11D41BFDC61800641C79 /* AWToast.m */; };
		97BD11D81BFDC61800641C79 /* AWModalAlert.m in Sources */ = {isa = PBXBuildFile; fileRef = 97BD11D61BFDC61800641C79 /* AWModalAlert.m */; };
		97BD11FF1BFDCEF900641C79 /* AFHTTPRequestOperation.m in Sources */ = {isa = PBXBuildFile; fileRef = 97BD11DC1BFDCEF900641C79 /* AFHTTPRequestOperation.m */; settings = {ASSET_TAGS = (); COMPILER_FLAGS = "-fobjc-arc"; }; };
		97BD12001BFDCEF900641C79 /* AFHTTPRequestOperationManager.m in Sources */ = {isa = PBXBuildFile; fileRef = 97BD11DE1BFDCEF900641C79 /* AFHTTPRequestOperationManager.m */; settings = {ASSET_TAGS = (); COMPILER_FLAGS = "-fobjc-arc"; }; };
		97BD12011BFDCEF900641C79 /* AFHTTPSessionManager.m in Sources */ = {isa = PBXBuildFile; fileRef = 97BD11E01BFDCEF900641C79 /* AFHTTPSessionManager.m */; settings = {ASSET_TAGS = (); COMPILER_FLAGS = "-fobjc-arc"; }; };
		97BD12021BFDCEF900641C79 /* AFNetworkActivityIndicatorManager.m in Sources */ = {isa = PBXBuildFile; fileRef = 97BD11E21BFDCEF900641C79 /* AFNetworkActivityIndicatorManager.m */; settings = {ASSET_TAGS = (); COMPILER_FLAGS = "-fobjc-arc"; }; };
		97BD12031BFDCEF900641C79 /* AFNetworkReachabilityManager.m in Sources */ = {isa = PBXBuildFile; fileRef = 97BD11E51BFDCEF900641C79 /* AFNetworkReachabilityManager.m */; settings = {ASSET_TAGS = (); COMPILER_FLAGS = "-fobjc-arc"; }; };
		97BD12041BFDCEF900641C79 /* AFSecurityPolicy.m in Sources */ = {isa = PBXBuildFile; fileRef = 97BD11E71BFDCEF900641C79 /* AFSecurityPolicy.m */; settings = {ASSET_TAGS = (); COMPILER_FLAGS = "-fobjc-arc"; }; };
		97BD12051BFDCEF900641C79 /* AFURLConnectionOperation.m in Sources */ = {isa = PBXBuildFile; fileRef = 97BD11E91BFDCEF900641C79 /* AFURLConnectionOperation.m */; settings = {ASSET_TAGS = (); COMPILER_FLAGS = "-fobjc-arc"; }; };
		97BD12061BFDCEF900641C79 /* AFURLRequestSerialization.m in Sources */ = {isa = PBXBuildFile; fileRef = 97BD11EB1BFDCEF900641C79 /* AFURLRequestSerialization.m */; settings = {ASSET_TAGS = (); COMPILER_FLAGS = "-fobjc-arc"; }; };
		97BD12071BFDCEF900641C79 /* AFURLResponseSerialization.m in Sources */ = {isa = PBXBuildFile; fileRef = 97BD11ED1BFDCEF900641C79 /* AFURLResponseSerialization.m */; settings = {ASSET_TAGS = (); COMPILER_FLAGS = "-fobjc-arc"; }; };
		97BD12081BFDCEF900641C79 /* AFURLSessionManager.m in Sources */ = {isa = PBXBuildFile; fileRef = 97BD11EF1BFDCEF900641C79 /* AFURLSessionManager.m */; settings = {ASSET_TAGS = (); COMPILER_FLAGS = "-fobjc-arc"; }; };
		97BD12091BFDCEF900641C79 /* UIActivityIndicatorView+AFNetworking.m in Sources */ = {isa = PBXBuildFile; fileRef = 97BD11F11BFDCEF900641C79 /* UIActivityIndicatorView+AFNetworking.m */; settings = {ASSET_TAGS = (); COMPILER_FLAGS = "-fobjc-arc"; }; };
		97BD120A1BFDCEF900641C79 /* UIAlertView+AFNetworking.m in Sources */ = {isa = PBXBuildFile; fileRef = 97BD11F31BFDCEF900641C79 /* UIAlertView+AFNetworking.m */; settings = {ASSET_TAGS = (); COMPILER_FLAGS = "-fobjc-arc"; }; };
		97BD120B1BFDCEF900641C79 /* UIButton+AFNetworking.m in Sources */ = {isa = PBXBuildFile; fileRef = 97BD11F51BFDCEF900641C79 /* UIButton+AFNetworking.m */; settings = {ASSET_TAGS = (); COMPILER_FLAGS = "-fobjc-arc"; }; };
		97BD120C1BFDCEF900641C79 /* UIImageView+AFNetworking.m in Sources */ = {isa = PBXBuildFile; fileRef = 97BD11F71BFDCEF900641C79 /* UIImageView+AFNetworking.m */; settings = {ASSET_TAGS = (); COMPILER_FLAGS = "-fobjc-arc"; }; };
		97BD120D1BFDCEF900641C79 /* UIProgressView+AFNetworking.m in Sources */ = {isa = PBXBuildFile; fileRef = 97BD11FA1BFDCEF900641C79 /* UIProgressView+AFNetworking.m */; settings = {ASSET_TAGS = (); COMPILER_FLAGS = "-fobjc-arc"; }; };
		97BD120E1BFDCEF900641C79 /* UIRefreshControl+AFNetworking.m in Sources */ = {isa = PBXBuildFile; fileRef = 97BD11FC1BFDCEF900641C79 /* UIRefreshControl+AFNetworking.m */; settings = {ASSET_TAGS = (); COMPILER_FLAGS = "-fobjc-arc"; }; };
		97BD120F1BFDCEF900641C79 /* UIWebView+AFNetworking.m in Sources */ = {isa = PBXBuildFile; fileRef = 97BD11FE1BFDCEF900641C79 /* UIWebView+AFNetworking.m */; settings = {ASSET_TAGS = (); COMPILER_FLAGS = "-fobjc-arc"; }; };
		97BD12161BFDCF7800641C79 /* MACircleProgressIndicator.m in Sources */ = {isa = PBXBuildFile; fileRef = 97BD12131BFDCF7800641C79 /* MACircleProgressIndicator.m */; };
		97BD12171BFDCF7800641C79 /* UIImageView+ProgressIndicator.m in Sources */ = {isa = PBXBuildFile; fileRef = 97BD12151BFDCF7800641C79 /* UIImageView+ProgressIndicator.m */; };
		97BD121B1BFDCFC100641C79 /* MBProgressHUD.m in Sources */ = {isa = PBXBuildFile; fileRef = 97BD121A1BFDCFC100641C79 /* MBProgressHUD.m */; };
		9930B5FF1BFE0A9300A109F2 /* BaseViewController.m in Sources */ = {isa = PBXBuildFile; fileRef = 9930B5FE1BFE0A9300A109F2 /* BaseViewController.m */; };
		9930B6081BFE0F2C00A109F2 /* AMapSearchKit.framework in Frameworks */ = {isa = PBXBuildFile; fileRef = 9930B6021BFE0F2C00A109F2 /* AMapSearchKit.framework */; };
		9930B6091BFE0F2C00A109F2 /* MAMapKit.framework in Frameworks */ = {isa = PBXBuildFile; fileRef = 9930B6031BFE0F2C00A109F2 /* MAMapKit.framework */; };
		9930B60A1BFE0F2C00A109F2 /* libPushSDK-1.8.3.a in Frameworks */ = {isa = PBXBuildFile; fileRef = 9930B6061BFE0F2C00A109F2 /* libPushSDK-1.8.3.a */; };
		9930B60B1BFE0F2C00A109F2 /* PushConfig.plist in Resources */ = {isa = PBXBuildFile; fileRef = 9930B6071BFE0F2C00A109F2 /* PushConfig.plist */; };
		9930B60F1BFE0F7C00A109F2 /* libstdc++.6.0.9.dylib in Frameworks */ = {isa = PBXBuildFile; fileRef = 9930B60E1BFE0F7C00A109F2 /* libstdc++.6.0.9.dylib */; };
		9930B6111BFE0FB000A109F2 /* libz.dylib in Frameworks */ = {isa = PBXBuildFile; fileRef = 9930B6101BFE0FB000A109F2 /* libz.dylib */; };
/* End PBXBuildFile section */

/* Begin PBXFileReference section */
		9734C2CB1BFD5C5D005E0E5E /* BayLe.app */ = {isa = PBXFileReference; explicitFileType = wrapper.application; includeInIndex = 0; path = BayLe.app; sourceTree = BUILT_PRODUCTS_DIR; };
		9734C2CF1BFD5C5D005E0E5E /* main.m */ = {isa = PBXFileReference; lastKnownFileType = sourcecode.c.objc; path = main.m; sourceTree = "<group>"; };
		9734C2D11BFD5C5D005E0E5E /* AppDelegate.h */ = {isa = PBXFileReference; lastKnownFileType = sourcecode.c.h; path = AppDelegate.h; sourceTree = "<group>"; };
		9734C2D21BFD5C5D005E0E5E /* AppDelegate.m */ = {isa = PBXFileReference; lastKnownFileType = sourcecode.c.objc; path = AppDelegate.m; sourceTree = "<group>"; };
		9734C2DA1BFD5C5D005E0E5E /* Assets.xcassets */ = {isa = PBXFileReference; lastKnownFileType = folder.assetcatalog; path = Assets.xcassets; sourceTree = "<group>"; };
		9734C2DF1BFD5C5D005E0E5E /* Info.plist */ = {isa = PBXFileReference; lastKnownFileType = text.plist.xml; path = Info.plist; sourceTree = "<group>"; };
		9734C2ED1BFD5EAA005E0E5E /* Aspects.h */ = {isa = PBXFileReference; fileEncoding = 4; lastKnownFileType = sourcecode.c.h; path = Aspects.h; sourceTree = "<group>"; };
		9734C2EE1BFD5EAA005E0E5E /* Aspects.m */ = {isa = PBXFileReference; fileEncoding = 4; lastKnownFileType = sourcecode.c.objc; path = Aspects.m; sourceTree = "<group>"; };
		9734C2F41BFD5F35005E0E5E /* Default-568h@2x.png */ = {isa = PBXFileReference; lastKnownFileType = image.png; path = "Default-568h@2x.png"; sourceTree = "<group>"; };
		9734C2F81BFD6070005E0E5E /* AWMacros.h */ = {isa = PBXFileReference; lastKnownFileType = sourcecode.c.h; path = AWMacros.h; sourceTree = "<group>"; };
		9734C2F91BFD60D6005E0E5E /* Defines.h */ = {isa = PBXFileReference; lastKnownFileType = sourcecode.c.h; path = Defines.h; sourceTree = "<group>"; };
		9734C2FB1BFD624C005E0E5E /* Utils.h */ = {isa = PBXFileReference; lastKnownFileType = sourcecode.c.h; path = Utils.h; sourceTree = "<group>"; };
		9734C2FC1BFD625A005E0E5E /* Controllers.h */ = {isa = PBXFileReference; lastKnownFileType = sourcecode.c.h; path = Controllers.h; sourceTree = "<group>"; };
		9734C2FD1BFD6263005E0E5E /* Models.h */ = {isa = PBXFileReference; lastKnownFileType = sourcecode.c.h; path = Models.h; sourceTree = "<group>"; };
		9734C2FE1BFD626D005E0E5E /* Views.h */ = {isa = PBXFileReference; lastKnownFileType = sourcecode.c.h; path = Views.h; sourceTree = "<group>"; };
		9734C3011BFD6365005E0E5E /* AWLocalize.bundle */ = {isa = PBXFileReference; lastKnownFileType = "wrapper.plug-in"; path = AWLocalize.bundle; sourceTree = "<group>"; };
		9734C3031BFD638F005E0E5E /* AWLocale.h */ = {isa = PBXFileReference; fileEncoding = 4; lastKnownFileType = sourcecode.c.h; path = AWLocale.h; sourceTree = "<group>"; };
		9734C3041BFD638F005E0E5E /* AWLocale.m */ = {isa = PBXFileReference; fileEncoding = 4; lastKnownFileType = sourcecode.c.objc; path = AWLocale.m; sourceTree = "<group>"; };
		9734C3071BFD650D005E0E5E /* NSDataAdditions.h */ = {isa = PBXFileReference; fileEncoding = 4; lastKnownFileType = sourcecode.c.h; path = NSDataAdditions.h; sourceTree = "<group>"; };
		9734C3081BFD650D005E0E5E /* NSDataAdditions.m */ = {isa = PBXFileReference; fileEncoding = 4; lastKnownFileType = sourcecode.c.objc; path = NSDataAdditions.m; sourceTree = "<group>"; };
		9734C3091BFD650D005E0E5E /* NSDateAdditions.h */ = {isa = PBXFileReference; fileEncoding = 4; lastKnownFileType = sourcecode.c.h; path = NSDateAdditions.h; sourceTree = "<group>"; };
		9734C30A1BFD650D005E0E5E /* NSDateAdditions.m */ = {isa = PBXFileReference; fileEncoding = 4; lastKnownFileType = sourcecode.c.objc; path = NSDateAdditions.m; sourceTree = "<group>"; };
		9734C30B1BFD650D005E0E5E /* NSObjectAdditions.h */ = {isa = PBXFileReference; fileEncoding = 4; lastKnownFileType = sourcecode.c.h; path = NSObjectAdditions.h; sourceTree = "<group>"; };
		9734C30C1BFD650D005E0E5E /* NSObjectAdditions.m */ = {isa = PBXFileReference; fileEncoding = 4; lastKnownFileType = sourcecode.c.objc; path = NSObjectAdditions.m; sourceTree = "<group>"; };
		9734C30D1BFD650D005E0E5E /* NSStringAdditions.h */ = {isa = PBXFileReference; fileEncoding = 4; lastKnownFileType = sourcecode.c.h; path = NSStringAdditions.h; sourceTree = "<group>"; };
		9734C30E1BFD650D005E0E5E /* NSStringAdditions.m */ = {isa = PBXFileReference; fileEncoding = 4; lastKnownFileType = sourcecode.c.objc; path = NSStringAdditions.m; sourceTree = "<group>"; };
		9734C3141BFD656C005E0E5E /* AWEntityTables.h */ = {isa = PBXFileReference; fileEncoding = 4; lastKnownFileType = sourcecode.c.h; path = AWEntityTables.h; sourceTree = "<group>"; };
		9734C3151BFD656C005E0E5E /* AWEntityTables.m */ = {isa = PBXFileReference; fileEncoding = 4; lastKnownFileType = sourcecode.c.objc; path = AWEntityTables.m; sourceTree = "<group>"; };
		9734C3171BFD6576005E0E5E /* AWMarkupStripper.h */ = {isa = PBXFileReference; fileEncoding = 4; lastKnownFileType = sourcecode.c.h; path = AWMarkupStripper.h; sourceTree = "<group>"; };
		9734C3181BFD6576005E0E5E /* AWMarkupStripper.m */ = {isa = PBXFileReference; fileEncoding = 4; lastKnownFileType = sourcecode.c.objc; path = AWMarkupStripper.m; sourceTree = "<group>"; };
		9734C31B1BFD6CC8005E0E5E /* HomeViewController.h */ = {isa = PBXFileReference; fileEncoding = 4; lastKnownFileType = sourcecode.c.h; path = HomeViewController.h; sourceTree = "<group>"; };
		9734C31C1BFD6CC8005E0E5E /* HomeViewController.m */ = {isa = PBXFileReference; fileEncoding = 4; lastKnownFileType = sourcecode.c.objc; path = HomeViewController.m; sourceTree = "<group>"; };
		9734C31E1BFD6CDA005E0E5E /* FavoritesViewController.h */ = {isa = PBXFileReference; fileEncoding = 4; lastKnownFileType = sourcecode.c.h; path = FavoritesViewController.h; sourceTree = "<group>"; };
		9734C31F1BFD6CDA005E0E5E /* FavoritesViewController.m */ = {isa = PBXFileReference; fileEncoding = 4; lastKnownFileType = sourcecode.c.objc; path = FavoritesViewController.m; sourceTree = "<group>"; };
		9734C3211BFD6CED005E0E5E /* MessagesViewController.h */ = {isa = PBXFileReference; fileEncoding = 4; lastKnownFileType = sourcecode.c.h; path = MessagesViewController.h; sourceTree = "<group>"; };
		9734C3221BFD6CED005E0E5E /* MessagesViewController.m */ = {isa = PBXFileReference; fileEncoding = 4; lastKnownFileType = sourcecode.c.objc; path = MessagesViewController.m; sourceTree = "<group>"; };
		9734C3241BFD6D11005E0E5E /* UserViewController.h */ = {isa = PBXFileReference; fileEncoding = 4; lastKnownFileType = sourcecode.c.h; path = UserViewController.h; sourceTree = "<group>"; };
		9734C3251BFD6D11005E0E5E /* UserViewController.m */ = {isa = PBXFileReference; fileEncoding = 4; lastKnownFileType = sourcecode.c.objc; path = UserViewController.m; sourceTree = "<group>"; };
		9734C3271BFD6D30005E0E5E /* PublishViewController.h */ = {isa = PBXFileReference; fileEncoding = 4; lastKnownFileType = sourcecode.c.h; path = PublishViewController.h; sourceTree = "<group>"; };
		9734C3281BFD6D30005E0E5E /* PublishViewController.m */ = {isa = PBXFileReference; fileEncoding = 4; lastKnownFileType = sourcecode.c.objc; path = PublishViewController.m; sourceTree = "<group>"; };
		9734C32B1BFD750D005E0E5E /* CustomTabBarController.h */ = {isa = PBXFileReference; fileEncoding = 4; lastKnownFileType = sourcecode.c.h; path = CustomTabBarController.h; sourceTree = "<group>"; };
		9734C32C1BFD750D005E0E5E /* CustomTabBarController.m */ = {isa = PBXFileReference; fileEncoding = 4; lastKnownFileType = sourcecode.c.objc; path = CustomTabBarController.m; sourceTree = "<group>"; };
		9734C32E1BFD895F005E0E5E /* UITabBarController+CustomTabBar.h */ = {isa = PBXFileReference; fileEncoding = 4; lastKnownFileType = sourcecode.c.h; path = "UITabBarController+CustomTabBar.h"; sourceTree = "<group>"; };
		9734C32F1BFD895F005E0E5E /* UITabBarController+CustomTabBar.m */ = {isa = PBXFileReference; fileEncoding = 4; lastKnownFileType = sourcecode.c.objc; path = "UITabBarController+CustomTabBar.m"; sourceTree = "<group>"; };
		97BD11981BFDAD5D00641C79 /* AWUIUtils.h */ = {isa = PBXFileReference; fileEncoding = 4; lastKnownFileType = sourcecode.c.h; path = AWUIUtils.h; sourceTree = "<group>"; };
		97BD11991BFDAD5D00641C79 /* AWUIUtils.m */ = {isa = PBXFileReference; fileEncoding = 4; lastKnownFileType = sourcecode.c.objc; path = AWUIUtils.m; sourceTree = "<group>"; };
		97BD119E1BFDAF6300641C79 /* UIWindowAdditions.h */ = {isa = PBXFileReference; fileEncoding = 4; lastKnownFileType = sourcecode.c.h; path = UIWindowAdditions.h; sourceTree = "<group>"; };
		97BD119F1BFDAF6300641C79 /* UIWindowAdditions.m */ = {isa = PBXFileReference; fileEncoding = 4; lastKnownFileType = sourcecode.c.objc; path = UIWindowAdditions.m; sourceTree = "<group>"; };
		97BD11A11BFDB69100641C79 /* UIImageAdditions.h */ = {isa = PBXFileReference; fileEncoding = 4; lastKnownFileType = sourcecode.c.h; path = UIImageAdditions.h; sourceTree = "<group>"; };
		97BD11A21BFDB69100641C79 /* UIImageAdditions.m */ = {isa = PBXFileReference; fileEncoding = 4; lastKnownFileType = sourcecode.c.objc; path = UIImageAdditions.m; sourceTree = "<group>"; };
		97BD11A31BFDB69100641C79 /* UIViewAdditions.h */ = {isa = PBXFileReference; fileEncoding = 4; lastKnownFileType = sourcecode.c.h; path = UIViewAdditions.h; sourceTree = "<group>"; };
		97BD11A41BFDB69100641C79 /* UIViewAdditions.m */ = {isa = PBXFileReference; fileEncoding = 4; lastKnownFileType = sourcecode.c.objc; path = UIViewAdditions.m; sourceTree = "<group>"; };
		97BD11AB1BFDBBA900641C79 /* UITableViewAdditions.m */ = {isa = PBXFileReference; fileEncoding = 4; lastKnownFileType = sourcecode.c.objc; path = UITableViewAdditions.m; sourceTree = "<group>"; };
		97BD11AC1BFDBBA900641C79 /* UITableViewAdditions.h */ = {isa = PBXFileReference; fileEncoding = 4; lastKnownFileType = sourcecode.c.h; path = UITableViewAdditions.h; sourceTree = "<group>"; };
		97BD11B11BFDC2D900641C79 /* AWBaseViewController.h */ = {isa = PBXFileReference; fileEncoding = 4; lastKnownFileType = sourcecode.c.h; path = AWBaseViewController.h; sourceTree = "<group>"; };
		97BD11B21BFDC2D900641C79 /* AWBaseViewController.m */ = {isa = PBXFileReference; fileEncoding = 4; lastKnownFileType = sourcecode.c.objc; path = AWBaseViewController.m; sourceTree = "<group>"; };
		97BD11B41BFDC2F300641C79 /* AWCustomNavBar.h */ = {isa = PBXFileReference; fileEncoding = 4; lastKnownFileType = sourcecode.c.h; path = AWCustomNavBar.h; sourceTree = "<group>"; };
		97BD11B51BFDC2F300641C79 /* AWCustomNavBar.m */ = {isa = PBXFileReference; fileEncoding = 4; lastKnownFileType = sourcecode.c.objc; path = AWCustomNavBar.m; sourceTree = "<group>"; };
		97BD11B61BFDC2F300641C79 /* AWCommandButton.h */ = {isa = PBXFileReference; fileEncoding = 4; lastKnownFileType = sourcecode.c.h; path = AWCommandButton.h; sourceTree = "<group>"; };
		97BD11B71BFDC2F300641C79 /* AWCommandButton.m */ = {isa = PBXFileReference; fileEncoding = 4; lastKnownFileType = sourcecode.c.objc; path = AWCommandButton.m; sourceTree = "<group>"; };
		97BD11B81BFDC2F300641C79 /* AWTableView.h */ = {isa = PBXFileReference; fileEncoding = 4; lastKnownFileType = sourcecode.c.h; path = AWTableView.h; sourceTree = "<group>"; };
		97BD11B91BFDC2F300641C79 /* AWTableView.m */ = {isa = PBXFileReference; fileEncoding = 4; lastKnownFileType = sourcecode.c.objc; path = AWTableView.m; sourceTree = "<group>"; };
		97BD11BA1BFDC2F300641C79 /* AWTableViewCell.h */ = {isa = PBXFileReference; fileEncoding = 4; lastKnownFileType = sourcecode.c.h; path = AWTableViewCell.h; sourceTree = "<group>"; };
		97BD11BB1BFDC2F300641C79 /* AWTableViewCell.m */ = {isa = PBXFileReference; fileEncoding = 4; lastKnownFileType = sourcecode.c.objc; path = AWTableViewCell.m; sourceTree = "<group>"; };
		97BD11BC1BFDC2F300641C79 /* AWButton.h */ = {isa = PBXFileReference; fileEncoding = 4; lastKnownFileType = sourcecode.c.h; path = AWButton.h; sourceTree = "<group>"; };
		97BD11BD1BFDC2F300641C79 /* AWButton.m */ = {isa = PBXFileReference; fileEncoding = 4; lastKnownFileType = sourcecode.c.objc; path = AWButton.m; sourceTree = "<group>"; };
		97BD11BE1BFDC2F300641C79 /* AWMaskView.h */ = {isa = PBXFileReference; fileEncoding = 4; lastKnownFileType = sourcecode.c.h; path = AWMaskView.h; sourceTree = "<group>"; };
		97BD11BF1BFDC2F300641C79 /* AWMaskView.m */ = {isa = PBXFileReference; fileEncoding = 4; lastKnownFileType = sourcecode.c.objc; path = AWMaskView.m; sourceTree = "<group>"; };
		97BD11C01BFDC2F300641C79 /* AWBaseView.h */ = {isa = PBXFileReference; fileEncoding = 4; lastKnownFileType = sourcecode.c.h; path = AWBaseView.h; sourceTree = "<group>"; };
		97BD11C11BFDC2F300641C79 /* AWBaseView.m */ = {isa = PBXFileReference; fileEncoding = 4; lastKnownFileType = sourcecode.c.objc; path = AWBaseView.m; sourceTree = "<group>"; };
		97BD11CA1BFDC5BA00641C79 /* Command.h */ = {isa = PBXFileReference; fileEncoding = 4; lastKnownFileType = sourcecode.c.h; path = Command.h; sourceTree = "<group>"; };
		97BD11CB1BFDC5BA00641C79 /* Command.m */ = {isa = PBXFileReference; fileEncoding = 4; lastKnownFileType = sourcecode.c.objc; path = Command.m; sourceTree = "<group>"; };
		97BD11CC1BFDC5BA00641C79 /* ShareCommand.h */ = {isa = PBXFileReference; fileEncoding = 4; lastKnownFileType = sourcecode.c.h; path = ShareCommand.h; sourceTree = "<group>"; };
		97BD11CD1BFDC5BA00641C79 /* ShareCommand.m */ = {isa = PBXFileReference; fileEncoding = 4; lastKnownFileType = sourcecode.c.objc; path = ShareCommand.m; sourceTree = "<group>"; };
		97BD11CE1BFDC5BA00641C79 /* SendMailCommand.h */ = {isa = PBXFileReference; fileEncoding = 4; lastKnownFileType = sourcecode.c.h; path = SendMailCommand.h; sourceTree = "<group>"; };
		97BD11CF1BFDC5BA00641C79 /* SendMailCommand.m */ = {isa = PBXFileReference; fileEncoding = 4; lastKnownFileType = sourcecode.c.objc; path = SendMailCommand.m; sourceTree = "<group>"; };
		97BD11D31BFDC61800641C79 /* AWToast.h */ = {isa = PBXFileReference; fileEncoding = 4; lastKnownFileType = sourcecode.c.h; path = AWToast.h; sourceTree = "<group>"; };
		97BD11D41BFDC61800641C79 /* AWToast.m */ = {isa = PBXFileReference; fileEncoding = 4; lastKnownFileType = sourcecode.c.objc; path = AWToast.m; sourceTree = "<group>"; };
		97BD11D51BFDC61800641C79 /* AWModalAlert.h */ = {isa = PBXFileReference; fileEncoding = 4; lastKnownFileType = sourcecode.c.h; path = AWModalAlert.h; sourceTree = "<group>"; };
		97BD11D61BFDC61800641C79 /* AWModalAlert.m */ = {isa = PBXFileReference; fileEncoding = 4; lastKnownFileType = sourcecode.c.objc; path = AWModalAlert.m; sourceTree = "<group>"; };
		97BD11DB1BFDCEF900641C79 /* AFHTTPRequestOperation.h */ = {isa = PBXFileReference; fileEncoding = 4; lastKnownFileType = sourcecode.c.h; path = AFHTTPRequestOperation.h; sourceTree = "<group>"; };
		97BD11DC1BFDCEF900641C79 /* AFHTTPRequestOperation.m */ = {isa = PBXFileReference; fileEncoding = 4; lastKnownFileType = sourcecode.c.objc; path = AFHTTPRequestOperation.m; sourceTree = "<group>"; };
		97BD11DD1BFDCEF900641C79 /* AFHTTPRequestOperationManager.h */ = {isa = PBXFileReference; fileEncoding = 4; lastKnownFileType = sourcecode.c.h; path = AFHTTPRequestOperationManager.h; sourceTree = "<group>"; };
		97BD11DE1BFDCEF900641C79 /* AFHTTPRequestOperationManager.m */ = {isa = PBXFileReference; fileEncoding = 4; lastKnownFileType = sourcecode.c.objc; path = AFHTTPRequestOperationManager.m; sourceTree = "<group>"; };
		97BD11DF1BFDCEF900641C79 /* AFHTTPSessionManager.h */ = {isa = PBXFileReference; fileEncoding = 4; lastKnownFileType = sourcecode.c.h; path = AFHTTPSessionManager.h; sourceTree = "<group>"; };
		97BD11E01BFDCEF900641C79 /* AFHTTPSessionManager.m */ = {isa = PBXFileReference; fileEncoding = 4; lastKnownFileType = sourcecode.c.objc; path = AFHTTPSessionManager.m; sourceTree = "<group>"; };
		97BD11E11BFDCEF900641C79 /* AFNetworkActivityIndicatorManager.h */ = {isa = PBXFileReference; fileEncoding = 4; lastKnownFileType = sourcecode.c.h; path = AFNetworkActivityIndicatorManager.h; sourceTree = "<group>"; };
		97BD11E21BFDCEF900641C79 /* AFNetworkActivityIndicatorManager.m */ = {isa = PBXFileReference; fileEncoding = 4; lastKnownFileType = sourcecode.c.objc; path = AFNetworkActivityIndicatorManager.m; sourceTree = "<group>"; };
		97BD11E31BFDCEF900641C79 /* AFNetworking.h */ = {isa = PBXFileReference; fileEncoding = 4; lastKnownFileType = sourcecode.c.h; path = AFNetworking.h; sourceTree = "<group>"; };
		97BD11E41BFDCEF900641C79 /* AFNetworkReachabilityManager.h */ = {isa = PBXFileReference; fileEncoding = 4; lastKnownFileType = sourcecode.c.h; path = AFNetworkReachabilityManager.h; sourceTree = "<group>"; };
		97BD11E51BFDCEF900641C79 /* AFNetworkReachabilityManager.m */ = {isa = PBXFileReference; fileEncoding = 4; lastKnownFileType = sourcecode.c.objc; path = AFNetworkReachabilityManager.m; sourceTree = "<group>"; };
		97BD11E61BFDCEF900641C79 /* AFSecurityPolicy.h */ = {isa = PBXFileReference; fileEncoding = 4; lastKnownFileType = sourcecode.c.h; path = AFSecurityPolicy.h; sourceTree = "<group>"; };
		97BD11E71BFDCEF900641C79 /* AFSecurityPolicy.m */ = {isa = PBXFileReference; fileEncoding = 4; lastKnownFileType = sourcecode.c.objc; path = AFSecurityPolicy.m; sourceTree = "<group>"; };
		97BD11E81BFDCEF900641C79 /* AFURLConnectionOperation.h */ = {isa = PBXFileReference; fileEncoding = 4; lastKnownFileType = sourcecode.c.h; path = AFURLConnectionOperation.h; sourceTree = "<group>"; };
		97BD11E91BFDCEF900641C79 /* AFURLConnectionOperation.m */ = {isa = PBXFileReference; fileEncoding = 4; lastKnownFileType = sourcecode.c.objc; path = AFURLConnectionOperation.m; sourceTree = "<group>"; };
		97BD11EA1BFDCEF900641C79 /* AFURLRequestSerialization.h */ = {isa = PBXFileReference; fileEncoding = 4; lastKnownFileType = sourcecode.c.h; path = AFURLRequestSerialization.h; sourceTree = "<group>"; };
		97BD11EB1BFDCEF900641C79 /* AFURLRequestSerialization.m */ = {isa = PBXFileReference; fileEncoding = 4; lastKnownFileType = sourcecode.c.objc; path = AFURLRequestSerialization.m; sourceTree = "<group>"; };
		97BD11EC1BFDCEF900641C79 /* AFURLResponseSerialization.h */ = {isa = PBXFileReference; fileEncoding = 4; lastKnownFileType = sourcecode.c.h; path = AFURLResponseSerialization.h; sourceTree = "<group>"; };
		97BD11ED1BFDCEF900641C79 /* AFURLResponseSerialization.m */ = {isa = PBXFileReference; fileEncoding = 4; lastKnownFileType = sourcecode.c.objc; path = AFURLResponseSerialization.m; sourceTree = "<group>"; };
		97BD11EE1BFDCEF900641C79 /* AFURLSessionManager.h */ = {isa = PBXFileReference; fileEncoding = 4; lastKnownFileType = sourcecode.c.h; path = AFURLSessionManager.h; sourceTree = "<group>"; };
		97BD11EF1BFDCEF900641C79 /* AFURLSessionManager.m */ = {isa = PBXFileReference; fileEncoding = 4; lastKnownFileType = sourcecode.c.objc; path = AFURLSessionManager.m; sourceTree = "<group>"; };
		97BD11F01BFDCEF900641C79 /* UIActivityIndicatorView+AFNetworking.h */ = {isa = PBXFileReference; fileEncoding = 4; lastKnownFileType = sourcecode.c.h; path = "UIActivityIndicatorView+AFNetworking.h"; sourceTree = "<group>"; };
		97BD11F11BFDCEF900641C79 /* UIActivityIndicatorView+AFNetworking.m */ = {isa = PBXFileReference; fileEncoding = 4; lastKnownFileType = sourcecode.c.objc; path = "UIActivityIndicatorView+AFNetworking.m"; sourceTree = "<group>"; };
		97BD11F21BFDCEF900641C79 /* UIAlertView+AFNetworking.h */ = {isa = PBXFileReference; fileEncoding = 4; lastKnownFileType = sourcecode.c.h; path = "UIAlertView+AFNetworking.h"; sourceTree = "<group>"; };
		97BD11F31BFDCEF900641C79 /* UIAlertView+AFNetworking.m */ = {isa = PBXFileReference; fileEncoding = 4; lastKnownFileType = sourcecode.c.objc; path = "UIAlertView+AFNetworking.m"; sourceTree = "<group>"; };
		97BD11F41BFDCEF900641C79 /* UIButton+AFNetworking.h */ = {isa = PBXFileReference; fileEncoding = 4; lastKnownFileType = sourcecode.c.h; path = "UIButton+AFNetworking.h"; sourceTree = "<group>"; };
		97BD11F51BFDCEF900641C79 /* UIButton+AFNetworking.m */ = {isa = PBXFileReference; fileEncoding = 4; lastKnownFileType = sourcecode.c.objc; path = "UIButton+AFNetworking.m"; sourceTree = "<group>"; };
		97BD11F61BFDCEF900641C79 /* UIImageView+AFNetworking.h */ = {isa = PBXFileReference; fileEncoding = 4; lastKnownFileType = sourcecode.c.h; path = "UIImageView+AFNetworking.h"; sourceTree = "<group>"; };
		97BD11F71BFDCEF900641C79 /* UIImageView+AFNetworking.m */ = {isa = PBXFileReference; fileEncoding = 4; lastKnownFileType = sourcecode.c.objc; path = "UIImageView+AFNetworking.m"; sourceTree = "<group>"; };
		97BD11F81BFDCEF900641C79 /* UIKit+AFNetworking.h */ = {isa = PBXFileReference; fileEncoding = 4; lastKnownFileType = sourcecode.c.h; path = "UIKit+AFNetworking.h"; sourceTree = "<group>"; };
		97BD11F91BFDCEF900641C79 /* UIProgressView+AFNetworking.h */ = {isa = PBXFileReference; fileEncoding = 4; lastKnownFileType = sourcecode.c.h; path = "UIProgressView+AFNetworking.h"; sourceTree = "<group>"; };
		97BD11FA1BFDCEF900641C79 /* UIProgressView+AFNetworking.m */ = {isa = PBXFileReference; fileEncoding = 4; lastKnownFileType = sourcecode.c.objc; path = "UIProgressView+AFNetworking.m"; sourceTree = "<group>"; };
		97BD11FB1BFDCEF900641C79 /* UIRefreshControl+AFNetworking.h */ = {isa = PBXFileReference; fileEncoding = 4; lastKnownFileType = sourcecode.c.h; path = "UIRefreshControl+AFNetworking.h"; sourceTree = "<group>"; };
		97BD11FC1BFDCEF900641C79 /* UIRefreshControl+AFNetworking.m */ = {isa = PBXFileReference; fileEncoding = 4; lastKnownFileType = sourcecode.c.objc; path = "UIRefreshControl+AFNetworking.m"; sourceTree = "<group>"; };
		97BD11FD1BFDCEF900641C79 /* UIWebView+AFNetworking.h */ = {isa = PBXFileReference; fileEncoding = 4; lastKnownFileType = sourcecode.c.h; path = "UIWebView+AFNetworking.h"; sourceTree = "<group>"; };
		97BD11FE1BFDCEF900641C79 /* UIWebView+AFNetworking.m */ = {isa = PBXFileReference; fileEncoding = 4; lastKnownFileType = sourcecode.c.objc; path = "UIWebView+AFNetworking.m"; sourceTree = "<group>"; };
		97BD12121BFDCF7800641C79 /* MACircleProgressIndicator.h */ = {isa = PBXFileReference; fileEncoding = 4; lastKnownFileType = sourcecode.c.h; path = MACircleProgressIndicator.h; sourceTree = "<group>"; };
		97BD12131BFDCF7800641C79 /* MACircleProgressIndicator.m */ = {isa = PBXFileReference; fileEncoding = 4; lastKnownFileType = sourcecode.c.objc; path = MACircleProgressIndicator.m; sourceTree = "<group>"; };
		97BD12141BFDCF7800641C79 /* UIImageView+ProgressIndicator.h */ = {isa = PBXFileReference; fileEncoding = 4; lastKnownFileType = sourcecode.c.h; path = "UIImageView+ProgressIndicator.h"; sourceTree = "<group>"; };
		97BD12151BFDCF7800641C79 /* UIImageView+ProgressIndicator.m */ = {isa = PBXFileReference; fileEncoding = 4; lastKnownFileType = sourcecode.c.objc; path = "UIImageView+ProgressIndicator.m"; sourceTree = "<group>"; };
		97BD12191BFDCFC100641C79 /* MBProgressHUD.h */ = {isa = PBXFileReference; fileEncoding = 4; lastKnownFileType = sourcecode.c.h; path = MBProgressHUD.h; sourceTree = "<group>"; };
		97BD121A1BFDCFC100641C79 /* MBProgressHUD.m */ = {isa = PBXFileReference; fileEncoding = 4; lastKnownFileType = sourcecode.c.objc; path = MBProgressHUD.m; sourceTree = "<group>"; };
		9930B5FD1BFE0A9300A109F2 /* BaseViewController.h */ = {isa = PBXFileReference; fileEncoding = 4; lastKnownFileType = sourcecode.c.h; path = BaseViewController.h; sourceTree = "<group>"; };
		9930B5FE1BFE0A9300A109F2 /* BaseViewController.m */ = {isa = PBXFileReference; fileEncoding = 4; lastKnownFileType = sourcecode.c.objc; path = BaseViewController.m; sourceTree = "<group>"; };
		9930B6021BFE0F2C00A109F2 /* AMapSearchKit.framework */ = {isa = PBXFileReference; lastKnownFileType = wrapper.framework; path = AMapSearchKit.framework; sourceTree = "<group>"; };
		9930B6031BFE0F2C00A109F2 /* MAMapKit.framework */ = {isa = PBXFileReference; lastKnownFileType = wrapper.framework; path = MAMapKit.framework; sourceTree = "<group>"; };
		9930B6051BFE0F2C00A109F2 /* APService.h */ = {isa = PBXFileReference; fileEncoding = 4; lastKnownFileType = sourcecode.c.h; path = APService.h; sourceTree = "<group>"; };
		9930B6061BFE0F2C00A109F2 /* libPushSDK-1.8.3.a */ = {isa = PBXFileReference; lastKnownFileType = archive.ar; path = "libPushSDK-1.8.3.a"; sourceTree = "<group>"; };
		9930B6071BFE0F2C00A109F2 /* PushConfig.plist */ = {isa = PBXFileReference; fileEncoding = 4; lastKnownFileType = text.plist.xml; path = PushConfig.plist; sourceTree = "<group>"; };
		9930B60E1BFE0F7C00A109F2 /* libstdc++.6.0.9.dylib */ = {isa = PBXFileReference; lastKnownFileType = "compiled.mach-o.dylib"; name = "libstdc++.6.0.9.dylib"; path = "usr/lib/libstdc++.6.0.9.dylib"; sourceTree = SDKROOT; };
		9930B6101BFE0FB000A109F2 /* libz.dylib */ = {isa = PBXFileReference; lastKnownFileType = "compiled.mach-o.dylib"; name = libz.dylib; path = usr/lib/libz.dylib; sourceTree = SDKROOT; };
/* End PBXFileReference section */

/* Begin PBXFrameworksBuildPhase section */
		9734C2C81BFD5C5D005E0E5E /* Frameworks */ = {
			isa = PBXFrameworksBuildPhase;
			buildActionMask = 2147483647;
			files = (
				9930B6111BFE0FB000A109F2 /* libz.dylib in Frameworks */,
				9930B60F1BFE0F7C00A109F2 /* libstdc++.6.0.9.dylib in Frameworks */,
				9930B60A1BFE0F2C00A109F2 /* libPushSDK-1.8.3.a in Frameworks */,
				9930B6091BFE0F2C00A109F2 /* MAMapKit.framework in Frameworks */,
				9930B6081BFE0F2C00A109F2 /* AMapSearchKit.framework in Frameworks */,
			);
			runOnlyForDeploymentPostprocessing = 0;
		};
/* End PBXFrameworksBuildPhase section */

/* Begin PBXGroup section */
		9734C2C21BFD5C5D005E0E5E = {
			isa = PBXGroup;
			children = (
				9734C2CD1BFD5C5D005E0E5E /* BayLe */,
				9930B6121BFE0FC400A109F2 /* Frameworks */,
				9734C2CC1BFD5C5D005E0E5E /* Products */,
			);
			sourceTree = "<group>";
		};
		9734C2CC1BFD5C5D005E0E5E /* Products */ = {
			isa = PBXGroup;
			children = (
				9734C2CB1BFD5C5D005E0E5E /* BayLe.app */,
			);
			name = Products;
			sourceTree = "<group>";
		};
		9734C2CD1BFD5C5D005E0E5E /* BayLe */ = {
			isa = PBXGroup;
			children = (
				9734C2E51BFD5C90005E0E5E /* Components */,
				9734C2FA1BFD623A005E0E5E /* Utils */,
				9734C2E71BFD5C90005E0E5E /* Models */,
				9734C2E81BFD5C90005E0E5E /* Views */,
				9734C2E61BFD5C90005E0E5E /* Controllers */,
				9930B6001BFE0EFD00A109F2 /* 3rdLibs */,
				9734C2D11BFD5C5D005E0E5E /* AppDelegate.h */,
				9734C2D21BFD5C5D005E0E5E /* AppDelegate.m */,
				9734C2F91BFD60D6005E0E5E /* Defines.h */,
				9734C2E91BFD5CED005E0E5E /* Resources */,
				9734C2DA1BFD5C5D005E0E5E /* Assets.xcassets */,
				9734C2DF1BFD5C5D005E0E5E /* Info.plist */,
				9734C2CE1BFD5C5D005E0E5E /* Supporting Files */,
			);
			path = BayLe;
			sourceTree = "<group>";
		};
		9734C2CE1BFD5C5D005E0E5E /* Supporting Files */ = {
			isa = PBXGroup;
			children = (
				9734C2CF1BFD5C5D005E0E5E /* main.m */,
			);
			name = "Supporting Files";
			sourceTree = "<group>";
		};
		9734C2E51BFD5C90005E0E5E /* Components */ = {
			isa = PBXGroup;
			children = (
				9930B5FC1BFDFD5500A109F2 /* UITableView */,
				97BD11D91BFDCEB600641C79 /* Network */,
				97BD119B1BFDAE0700641C79 /* Controllers */,
				97BD119C1BFDAE0700641C79 /* Models */,
				97BD119D1BFDAE0700641C79 /* Views */,
				9734C32A1BFD6EB7005E0E5E /* UIKit Additions */,
				9734C31A1BFD6ACC005E0E5E /* CustomTabBarController */,
				9734C3061BFD64F4005E0E5E /* Foundation Additions */,
				9734C2FF1BFD632B005E0E5E /* Localize */,
				9734C3001BFD632B005E0E5E /* Utils */,
				9734C2F71BFD6030005E0E5E /* Macros */,
				9734C2EB1BFD5E9D005E0E5E /* External */,
			);
			path = Components;
			sourceTree = "<group>";
		};
		9734C2E61BFD5C90005E0E5E /* Controllers */ = {
			isa = PBXGroup;
			children = (
				9734C2FC1BFD625A005E0E5E /* Controllers.h */,
				9930B5FD1BFE0A9300A109F2 /* BaseViewController.h */,
				9930B5FE1BFE0A9300A109F2 /* BaseViewController.m */,
				9734C31B1BFD6CC8005E0E5E /* HomeViewController.h */,
				9734C31C1BFD6CC8005E0E5E /* HomeViewController.m */,
				9734C31E1BFD6CDA005E0E5E /* FavoritesViewController.h */,
				9734C31F1BFD6CDA005E0E5E /* FavoritesViewController.m */,
				9734C3211BFD6CED005E0E5E /* MessagesViewController.h */,
				9734C3221BFD6CED005E0E5E /* MessagesViewController.m */,
				9734C3241BFD6D11005E0E5E /* UserViewController.h */,
				9734C3251BFD6D11005E0E5E /* UserViewController.m */,
				9734C3271BFD6D30005E0E5E /* PublishViewController.h */,
				9734C3281BFD6D30005E0E5E /* PublishViewController.m */,
			);
			path = Controllers;
			sourceTree = "<group>";
		};
		9734C2E71BFD5C90005E0E5E /* Models */ = {
			isa = PBXGroup;
			children = (
				9734C2FD1BFD6263005E0E5E /* Models.h */,
			);
			path = Models;
			sourceTree = "<group>";
		};
		9734C2E81BFD5C90005E0E5E /* Views */ = {
			isa = PBXGroup;
			children = (
				9734C2FE1BFD626D005E0E5E /* Views.h */,
			);
			path = Views;
			sourceTree = "<group>";
		};
		9734C2E91BFD5CED005E0E5E /* Resources */ = {
			isa = PBXGroup;
			children = (
				9734C2EA1BFD5D98005E0E5E /* Images */,
			);
			path = Resources;
			sourceTree = "<group>";
		};
		9734C2EA1BFD5D98005E0E5E /* Images */ = {
			isa = PBXGroup;
			children = (
				9734C2F21BFD5F35005E0E5E /* AppIcons */,
				9734C2F31BFD5F35005E0E5E /* LaunchImages */,
				9734C2F51BFD5F35005E0E5E /* UI */,
			);
			path = Images;
			sourceTree = "<group>";
		};
		9734C2EB1BFD5E9D005E0E5E /* External */ = {
			isa = PBXGroup;
			children = (
				9734C2EC1BFD5E9D005E0E5E /* Aspects */,
			);
			path = External;
			sourceTree = "<group>";
		};
		9734C2EC1BFD5E9D005E0E5E /* Aspects */ = {
			isa = PBXGroup;
			children = (
				9734C2ED1BFD5EAA005E0E5E /* Aspects.h */,
				9734C2EE1BFD5EAA005E0E5E /* Aspects.m */,
			);
			path = Aspects;
			sourceTree = "<group>";
		};
		9734C2F21BFD5F35005E0E5E /* AppIcons */ = {
			isa = PBXGroup;
			children = (
			);
			path = AppIcons;
			sourceTree = "<group>";
		};
		9734C2F31BFD5F35005E0E5E /* LaunchImages */ = {
			isa = PBXGroup;
			children = (
				9734C2F41BFD5F35005E0E5E /* Default-568h@2x.png */,
			);
			path = LaunchImages;
			sourceTree = "<group>";
		};
		9734C2F51BFD5F35005E0E5E /* UI */ = {
			isa = PBXGroup;
			children = (
			);
			path = UI;
			sourceTree = "<group>";
		};
		9734C2F71BFD6030005E0E5E /* Macros */ = {
			isa = PBXGroup;
			children = (
				9734C2F81BFD6070005E0E5E /* AWMacros.h */,
			);
			path = Macros;
			sourceTree = "<group>";
		};
		9734C2FA1BFD623A005E0E5E /* Utils */ = {
			isa = PBXGroup;
			children = (
				9734C2FB1BFD624C005E0E5E /* Utils.h */,
			);
			path = Utils;
			sourceTree = "<group>";
		};
		9734C2FF1BFD632B005E0E5E /* Localize */ = {
			isa = PBXGroup;
			children = (
				9734C3011BFD6365005E0E5E /* AWLocalize.bundle */,
				9734C3031BFD638F005E0E5E /* AWLocale.h */,
				9734C3041BFD638F005E0E5E /* AWLocale.m */,
			);
			path = Localize;
			sourceTree = "<group>";
		};
		9734C3001BFD632B005E0E5E /* Utils */ = {
			isa = PBXGroup;
			children = (
				9734C3131BFD654F005E0E5E /* HTML Stripper */,
				97BD11981BFDAD5D00641C79 /* AWUIUtils.h */,
				97BD11991BFDAD5D00641C79 /* AWUIUtils.m */,
			);
			path = Utils;
			sourceTree = "<group>";
		};
		9734C3061BFD64F4005E0E5E /* Foundation Additions */ = {
			isa = PBXGroup;
			children = (
				9734C3071BFD650D005E0E5E /* NSDataAdditions.h */,
				9734C3081BFD650D005E0E5E /* NSDataAdditions.m */,
				9734C3091BFD650D005E0E5E /* NSDateAdditions.h */,
				9734C30A1BFD650D005E0E5E /* NSDateAdditions.m */,
				9734C30B1BFD650D005E0E5E /* NSObjectAdditions.h */,
				9734C30C1BFD650D005E0E5E /* NSObjectAdditions.m */,
				9734C30D1BFD650D005E0E5E /* NSStringAdditions.h */,
				9734C30E1BFD650D005E0E5E /* NSStringAdditions.m */,
			);
			path = "Foundation Additions";
			sourceTree = "<group>";
		};
		9734C3131BFD654F005E0E5E /* HTML Stripper */ = {
			isa = PBXGroup;
			children = (
				9734C3141BFD656C005E0E5E /* AWEntityTables.h */,
				9734C3151BFD656C005E0E5E /* AWEntityTables.m */,
				9734C3171BFD6576005E0E5E /* AWMarkupStripper.h */,
				9734C3181BFD6576005E0E5E /* AWMarkupStripper.m */,
			);
			path = "HTML Stripper";
			sourceTree = "<group>";
		};
		9734C31A1BFD6ACC005E0E5E /* CustomTabBarController */ = {
			isa = PBXGroup;
			children = (
				9734C32B1BFD750D005E0E5E /* CustomTabBarController.h */,
				9734C32C1BFD750D005E0E5E /* CustomTabBarController.m */,
				9734C32E1BFD895F005E0E5E /* UITabBarController+CustomTabBar.h */,
				9734C32F1BFD895F005E0E5E /* UITabBarController+CustomTabBar.m */,
			);
			path = CustomTabBarController;
			sourceTree = "<group>";
		};
		9734C32A1BFD6EB7005E0E5E /* UIKit Additions */ = {
			isa = PBXGroup;
			children = (
				97BD11AA1BFDBB8800641C79 /* UITableViewAdditions */,
				97BD11A11BFDB69100641C79 /* UIImageAdditions.h */,
				97BD11A21BFDB69100641C79 /* UIImageAdditions.m */,
				97BD11A31BFDB69100641C79 /* UIViewAdditions.h */,
				97BD11A41BFDB69100641C79 /* UIViewAdditions.m */,
				97BD119E1BFDAF6300641C79 /* UIWindowAdditions.h */,
				97BD119F1BFDAF6300641C79 /* UIWindowAdditions.m */,
			);
			path = "UIKit Additions";
			sourceTree = "<group>";
		};
		97BD119B1BFDAE0700641C79 /* Controllers */ = {
			isa = PBXGroup;
			children = (
				97BD11B11BFDC2D900641C79 /* AWBaseViewController.h */,
				97BD11B21BFDC2D900641C79 /* AWBaseViewController.m */,
			);
			path = Controllers;
			sourceTree = "<group>";
		};
		97BD119C1BFDAE0700641C79 /* Models */ = {
			isa = PBXGroup;
			children = (
				97BD11C91BFDC5B000641C79 /* Commands */,
			);
			path = Models;
			sourceTree = "<group>";
		};
		97BD119D1BFDAE0700641C79 /* Views */ = {
			isa = PBXGroup;
			children = (
				97BD11D31BFDC61800641C79 /* AWToast.h */,
				97BD11D41BFDC61800641C79 /* AWToast.m */,
				97BD11D51BFDC61800641C79 /* AWModalAlert.h */,
				97BD11D61BFDC61800641C79 /* AWModalAlert.m */,
				97BD11B41BFDC2F300641C79 /* AWCustomNavBar.h */,
				97BD11B51BFDC2F300641C79 /* AWCustomNavBar.m */,
				97BD11B61BFDC2F300641C79 /* AWCommandButton.h */,
				97BD11B71BFDC2F300641C79 /* AWCommandButton.m */,
				97BD11B81BFDC2F300641C79 /* AWTableView.h */,
				97BD11B91BFDC2F300641C79 /* AWTableView.m */,
				97BD11BA1BFDC2F300641C79 /* AWTableViewCell.h */,
				97BD11BB1BFDC2F300641C79 /* AWTableViewCell.m */,
				97BD11BC1BFDC2F300641C79 /* AWButton.h */,
				97BD11BD1BFDC2F300641C79 /* AWButton.m */,
				97BD11BE1BFDC2F300641C79 /* AWMaskView.h */,
				97BD11BF1BFDC2F300641C79 /* AWMaskView.m */,
				97BD11C01BFDC2F300641C79 /* AWBaseView.h */,
				97BD11C11BFDC2F300641C79 /* AWBaseView.m */,
			);
			path = Views;
			sourceTree = "<group>";
		};
		97BD11AA1BFDBB8800641C79 /* UITableViewAdditions */ = {
			isa = PBXGroup;
			children = (
				97BD11AB1BFDBBA900641C79 /* UITableViewAdditions.m */,
				97BD11AC1BFDBBA900641C79 /* UITableViewAdditions.h */,
			);
			path = UITableViewAdditions;
			sourceTree = "<group>";
		};
		97BD11C91BFDC5B000641C79 /* Commands */ = {
			isa = PBXGroup;
			children = (
				97BD11CA1BFDC5BA00641C79 /* Command.h */,
				97BD11CB1BFDC5BA00641C79 /* Command.m */,
				97BD11CC1BFDC5BA00641C79 /* ShareCommand.h */,
				97BD11CD1BFDC5BA00641C79 /* ShareCommand.m */,
				97BD11CE1BFDC5BA00641C79 /* SendMailCommand.h */,
				97BD11CF1BFDC5BA00641C79 /* SendMailCommand.m */,
			);
			path = Commands;
			sourceTree = "<group>";
		};
		97BD11D91BFDCEB600641C79 /* Network */ = {
			isa = PBXGroup;
			children = (
				97BD12181BFDCFB700641C79 /* MBProgressHUD */,
				97BD12111BFDCF6E00641C79 /* UIImageView ProgressIndicator */,
				97BD11DA1BFDCEF900641C79 /* AFNetworking */,
			);
			path = Network;
			sourceTree = "<group>";
		};
		97BD11DA1BFDCEF900641C79 /* AFNetworking */ = {
			isa = PBXGroup;
			children = (
				97BD12101BFDCF6100641C79 /* UIImageView ProgressIndicator */,
				97BD11DB1BFDCEF900641C79 /* AFHTTPRequestOperation.h */,
				97BD11DC1BFDCEF900641C79 /* AFHTTPRequestOperation.m */,
				97BD11DD1BFDCEF900641C79 /* AFHTTPRequestOperationManager.h */,
				97BD11DE1BFDCEF900641C79 /* AFHTTPRequestOperationManager.m */,
				97BD11DF1BFDCEF900641C79 /* AFHTTPSessionManager.h */,
				97BD11E01BFDCEF900641C79 /* AFHTTPSessionManager.m */,
				97BD11E11BFDCEF900641C79 /* AFNetworkActivityIndicatorManager.h */,
				97BD11E21BFDCEF900641C79 /* AFNetworkActivityIndicatorManager.m */,
				97BD11E31BFDCEF900641C79 /* AFNetworking.h */,
				97BD11E41BFDCEF900641C79 /* AFNetworkReachabilityManager.h */,
				97BD11E51BFDCEF900641C79 /* AFNetworkReachabilityManager.m */,
				97BD11E61BFDCEF900641C79 /* AFSecurityPolicy.h */,
				97BD11E71BFDCEF900641C79 /* AFSecurityPolicy.m */,
				97BD11E81BFDCEF900641C79 /* AFURLConnectionOperation.h */,
				97BD11E91BFDCEF900641C79 /* AFURLConnectionOperation.m */,
				97BD11EA1BFDCEF900641C79 /* AFURLRequestSerialization.h */,
				97BD11EB1BFDCEF900641C79 /* AFURLRequestSerialization.m */,
				97BD11EC1BFDCEF900641C79 /* AFURLResponseSerialization.h */,
				97BD11ED1BFDCEF900641C79 /* AFURLResponseSerialization.m */,
				97BD11EE1BFDCEF900641C79 /* AFURLSessionManager.h */,
				97BD11EF1BFDCEF900641C79 /* AFURLSessionManager.m */,
				97BD11F01BFDCEF900641C79 /* UIActivityIndicatorView+AFNetworking.h */,
				97BD11F11BFDCEF900641C79 /* UIActivityIndicatorView+AFNetworking.m */,
				97BD11F21BFDCEF900641C79 /* UIAlertView+AFNetworking.h */,
				97BD11F31BFDCEF900641C79 /* UIAlertView+AFNetworking.m */,
				97BD11F41BFDCEF900641C79 /* UIButton+AFNetworking.h */,
				97BD11F51BFDCEF900641C79 /* UIButton+AFNetworking.m */,
				97BD11F61BFDCEF900641C79 /* UIImageView+AFNetworking.h */,
				97BD11F71BFDCEF900641C79 /* UIImageView+AFNetworking.m */,
				97BD11F81BFDCEF900641C79 /* UIKit+AFNetworking.h */,
				97BD11F91BFDCEF900641C79 /* UIProgressView+AFNetworking.h */,
				97BD11FA1BFDCEF900641C79 /* UIProgressView+AFNetworking.m */,
				97BD11FB1BFDCEF900641C79 /* UIRefreshControl+AFNetworking.h */,
				97BD11FC1BFDCEF900641C79 /* UIRefreshControl+AFNetworking.m */,
				97BD11FD1BFDCEF900641C79 /* UIWebView+AFNetworking.h */,
				97BD11FE1BFDCEF900641C79 /* UIWebView+AFNetworking.m */,
			);
			path = AFNetworking;
			sourceTree = "<group>";
		};
		97BD12101BFDCF6100641C79 /* UIImageView ProgressIndicator */ = {
			isa = PBXGroup;
			children = (
			);
			path = "UIImageView ProgressIndicator";
			sourceTree = "<group>";
		};
		97BD12111BFDCF6E00641C79 /* UIImageView ProgressIndicator */ = {
			isa = PBXGroup;
			children = (
				97BD12121BFDCF7800641C79 /* MACircleProgressIndicator.h */,
				97BD12131BFDCF7800641C79 /* MACircleProgressIndicator.m */,
				97BD12141BFDCF7800641C79 /* UIImageView+ProgressIndicator.h */,
				97BD12151BFDCF7800641C79 /* UIImageView+ProgressIndicator.m */,
			);
			path = "UIImageView ProgressIndicator";
			sourceTree = "<group>";
		};
		97BD12181BFDCFB700641C79 /* MBProgressHUD */ = {
			isa = PBXGroup;
			children = (
				97BD12191BFDCFC100641C79 /* MBProgressHUD.h */,
				97BD121A1BFDCFC100641C79 /* MBProgressHUD.m */,
			);
			path = MBProgressHUD;
			sourceTree = "<group>";
		};
		9930B5FC1BFDFD5500A109F2 /* UITableView */ = {
			isa = PBXGroup;
			children = (
			);
			path = UITableView;
			sourceTree = "<group>";
		};
		9930B6001BFE0EFD00A109F2 /* 3rdLibs */ = {
			isa = PBXGroup;
			children = (
				9930B6011BFE0F2C00A109F2 /* GaoDeMap */,
				9930B6041BFE0F2C00A109F2 /* JPushSDK */,
			);
			path = 3rdLibs;
			sourceTree = "<group>";
		};
		9930B6011BFE0F2C00A109F2 /* GaoDeMap */ = {
			isa = PBXGroup;
			children = (
				9930B6021BFE0F2C00A109F2 /* AMapSearchKit.framework */,
				9930B6031BFE0F2C00A109F2 /* MAMapKit.framework */,
			);
			path = GaoDeMap;
			sourceTree = "<group>";
		};
		9930B6041BFE0F2C00A109F2 /* JPushSDK */ = {
			isa = PBXGroup;
			children = (
				9930B6051BFE0F2C00A109F2 /* APService.h */,
				9930B6061BFE0F2C00A109F2 /* libPushSDK-1.8.3.a */,
				9930B6071BFE0F2C00A109F2 /* PushConfig.plist */,
			);
			path = JPushSDK;
			sourceTree = "<group>";
		};
		9930B6121BFE0FC400A109F2 /* Frameworks */ = {
			isa = PBXGroup;
			children = (
				9930B6101BFE0FB000A109F2 /* libz.dylib */,
				9930B60E1BFE0F7C00A109F2 /* libstdc++.6.0.9.dylib */,
			);
			name = Frameworks;
			sourceTree = "<group>";
		};
/* End PBXGroup section */

/* Begin PBXNativeTarget section */
		9734C2CA1BFD5C5D005E0E5E /* BayLe */ = {
			isa = PBXNativeTarget;
			buildConfigurationList = 9734C2E21BFD5C5D005E0E5E /* Build configuration list for PBXNativeTarget "BayLe" */;
			buildPhases = (
				9734C2C71BFD5C5D005E0E5E /* Sources */,
				9734C2C81BFD5C5D005E0E5E /* Frameworks */,
				9734C2C91BFD5C5D005E0E5E /* Resources */,
			);
			buildRules = (
			);
			dependencies = (
			);
			name = BayLe;
			productName = BayLe;
			productReference = 9734C2CB1BFD5C5D005E0E5E /* BayLe.app */;
			productType = "com.apple.product-type.application";
		};
/* End PBXNativeTarget section */

/* Begin PBXProject section */
		9734C2C31BFD5C5D005E0E5E /* Project object */ = {
			isa = PBXProject;
			attributes = {
				LastUpgradeCheck = 0700;
				ORGANIZATIONNAME = tangwei1;
				TargetAttributes = {
					9734C2CA1BFD5C5D005E0E5E = {
						CreatedOnToolsVersion = 7.0;
					};
				};
			};
			buildConfigurationList = 9734C2C61BFD5C5D005E0E5E /* Build configuration list for PBXProject "BayLe" */;
			compatibilityVersion = "Xcode 3.2";
			developmentRegion = English;
			hasScannedForEncodings = 0;
			knownRegions = (
				en,
				Base,
			);
			mainGroup = 9734C2C21BFD5C5D005E0E5E;
			productRefGroup = 9734C2CC1BFD5C5D005E0E5E /* Products */;
			projectDirPath = "";
			projectRoot = "";
			targets = (
				9734C2CA1BFD5C5D005E0E5E /* BayLe */,
			);
		};
/* End PBXProject section */

/* Begin PBXResourcesBuildPhase section */
		9734C2C91BFD5C5D005E0E5E /* Resources */ = {
			isa = PBXResourcesBuildPhase;
			buildActionMask = 2147483647;
			files = (
				9930B60B1BFE0F2C00A109F2 /* PushConfig.plist in Resources */,
				9734C3021BFD6365005E0E5E /* AWLocalize.bundle in Resources */,
				9734C2DB1BFD5C5D005E0E5E /* Assets.xcassets in Resources */,
				9734C2F61BFD5F35005E0E5E /* Default-568h@2x.png in Resources */,
			);
			runOnlyForDeploymentPostprocessing = 0;
		};
/* End PBXResourcesBuildPhase section */

/* Begin PBXSourcesBuildPhase section */
		9734C2C71BFD5C5D005E0E5E /* Sources */ = {
			isa = PBXSourcesBuildPhase;
			buildActionMask = 2147483647;
			files = (
				97BD12081BFDCEF900641C79 /* AFURLSessionManager.m in Sources */,
				97BD12041BFDCEF900641C79 /* AFSecurityPolicy.m in Sources */,
				97BD11FF1BFDCEF900641C79 /* AFHTTPRequestOperation.m in Sources */,
				97BD12011BFDCEF900641C79 /* AFHTTPSessionManager.m in Sources */,
				97BD120D1BFDCEF900641C79 /* UIProgressView+AFNetworking.m in Sources */,
				9734C3111BFD650D005E0E5E /* NSObjectAdditions.m in Sources */,
				97BD11D21BFDC5BA00641C79 /* SendMailCommand.m in Sources */,
				97BD11A01BFDAF6300641C79 /* UIWindowAdditions.m in Sources */,
				97BD120F1BFDCEF900641C79 /* UIWebView+AFNetworking.m in Sources */,
				97BD11D71BFDC61800641C79 /* AWToast.m in Sources */,
				97BD11A81BFDB69100641C79 /* UIViewAdditions.m in Sources */,
				97BD11AD1BFDBBA900641C79 /* UITableViewAdditions.m in Sources */,
				9734C3301BFD895F005E0E5E /* UITabBarController+CustomTabBar.m in Sources */,
				97BD11C51BFDC2F300641C79 /* AWTableViewCell.m in Sources */,
				9734C3231BFD6CED005E0E5E /* MessagesViewController.m in Sources */,
				97BD11D01BFDC5BA00641C79 /* Command.m in Sources */,
				9734C2D31BFD5C5D005E0E5E /* AppDelegate.m in Sources */,
				9734C3201BFD6CDA005E0E5E /* FavoritesViewController.m in Sources */,
				97BD11C81BFDC2F300641C79 /* AWBaseView.m in Sources */,
				9734C30F1BFD650D005E0E5E /* NSDataAdditions.m in Sources */,
				97BD12091BFDCEF900641C79 /* UIActivityIndicatorView+AFNetworking.m in Sources */,
				9734C3161BFD656C005E0E5E /* AWEntityTables.m in Sources */,
				9734C3191BFD6576005E0E5E /* AWMarkupStripper.m in Sources */,
				9734C3261BFD6D11005E0E5E /* UserViewController.m in Sources */,
				9734C3291BFD6D30005E0E5E /* PublishViewController.m in Sources */,
				97BD11D81BFDC61800641C79 /* AWModalAlert.m in Sources */,
				9734C3101BFD650D005E0E5E /* NSDateAdditions.m in Sources */,
				97BD12031BFDCEF900641C79 /* AFNetworkReachabilityManager.m in Sources */,
				97BD12061BFDCEF900641C79 /* AFURLRequestSerialization.m in Sources */,
				9734C31D1BFD6CC8005E0E5E /* HomeViewController.m in Sources */,
				97BD12071BFDCEF900641C79 /* AFURLResponseSerialization.m in Sources */,
				9734C3051BFD638F005E0E5E /* AWLocale.m in Sources */,
				9734C3121BFD650D005E0E5E /* NSStringAdditions.m in Sources */,
				9930B5FF1BFE0A9300A109F2 /* BaseViewController.m in Sources */,
				9734C2D01BFD5C5D005E0E5E /* main.m in Sources */,
				97BD12051BFDCEF900641C79 /* AFURLConnectionOperation.m in Sources */,
				97BD120C1BFDCEF900641C79 /* UIImageView+AFNetworking.m in Sources */,
				97BD11B31BFDC2D900641C79 /* AWBaseViewController.m in Sources */,
				97BD121B1BFDCFC100641C79 /* MBProgressHUD.m in Sources */,
				97BD12161BFDCF7800641C79 /* MACircleProgressIndicator.m in Sources */,
				9734C32D1BFD750D005E0E5E /* CustomTabBarController.m in Sources */,
				97BD11C31BFDC2F300641C79 /* AWCommandButton.m in Sources */,
				97BD11C71BFDC2F300641C79 /* AWMaskView.m in Sources */,
				97BD12171BFDCF7800641C79 /* UIImageView+ProgressIndicator.m in Sources */,
				97BD120A1BFDCEF900641C79 /* UIAlertView+AFNetworking.m in Sources */,
				97BD120B1BFDCEF900641C79 /* UIButton+AFNetworking.m in Sources */,
				97BD120E1BFDCEF900641C79 /* UIRefreshControl+AFNetworking.m in Sources */,
				97BD11A71BFDB69100641C79 /* UIImageAdditions.m in Sources */,
				9734C2EF1BFD5EAA005E0E5E /* Aspects.m in Sources */,
				97BD12001BFDCEF900641C79 /* AFHTTPRequestOperationManager.m in Sources */,
				97BD11D11BFDC5BA00641C79 /* ShareCommand.m in Sources */,
				97BD11C41BFDC2F300641C79 /* AWTableView.m in Sources */,
				97BD12021BFDCEF900641C79 /* AFNetworkActivityIndicatorManager.m in Sources */,
				97BD11C61BFDC2F300641C79 /* AWButton.m in Sources */,
				97BD11C21BFDC2F300641C79 /* AWCustomNavBar.m in Sources */,
				97BD119A1BFDAD5D00641C79 /* AWUIUtils.m in Sources */,
			);
			runOnlyForDeploymentPostprocessing = 0;
		};
/* End PBXSourcesBuildPhase section */

/* Begin XCBuildConfiguration section */
		9734C2E01BFD5C5D005E0E5E /* Debug */ = {
			isa = XCBuildConfiguration;
			buildSettings = {
				ALWAYS_SEARCH_USER_PATHS = NO;
				CLANG_CXX_LANGUAGE_STANDARD = "gnu++0x";
				CLANG_CXX_LIBRARY = "libc++";
				CLANG_ENABLE_MODULES = YES;
				CLANG_ENABLE_OBJC_ARC = YES;
				CLANG_WARN_BOOL_CONVERSION = YES;
				CLANG_WARN_CONSTANT_CONVERSION = YES;
				CLANG_WARN_DIRECT_OBJC_ISA_USAGE = YES_ERROR;
				CLANG_WARN_EMPTY_BODY = YES;
				CLANG_WARN_ENUM_CONVERSION = YES;
				CLANG_WARN_INT_CONVERSION = YES;
				CLANG_WARN_OBJC_ROOT_CLASS = YES_ERROR;
				CLANG_WARN_UNREACHABLE_CODE = YES;
				CLANG_WARN__DUPLICATE_METHOD_MATCH = YES;
				"CODE_SIGN_IDENTITY[sdk=iphoneos*]" = "iPhone Developer";
				COPY_PHASE_STRIP = NO;
				DEBUG_INFORMATION_FORMAT = dwarf;
				ENABLE_STRICT_OBJC_MSGSEND = YES;
				ENABLE_TESTABILITY = YES;
				GCC_C_LANGUAGE_STANDARD = gnu99;
				GCC_DYNAMIC_NO_PIC = NO;
				GCC_NO_COMMON_BLOCKS = YES;
				GCC_OPTIMIZATION_LEVEL = 0;
				GCC_PREPROCESSOR_DEFINITIONS = (
					"DEBUG=1",
					"$(inherited)",
				);
				GCC_WARN_64_TO_32_BIT_CONVERSION = YES;
				GCC_WARN_ABOUT_RETURN_TYPE = YES_ERROR;
				GCC_WARN_UNDECLARED_SELECTOR = YES;
				GCC_WARN_UNINITIALIZED_AUTOS = YES_AGGRESSIVE;
				GCC_WARN_UNUSED_FUNCTION = YES;
				GCC_WARN_UNUSED_VARIABLE = YES;
				IPHONEOS_DEPLOYMENT_TARGET = 9.0;
				MTL_ENABLE_DEBUG_INFO = YES;
				ONLY_ACTIVE_ARCH = YES;
				SDKROOT = iphoneos;
			};
			name = Debug;
		};
		9734C2E11BFD5C5D005E0E5E /* Release */ = {
			isa = XCBuildConfiguration;
			buildSettings = {
				ALWAYS_SEARCH_USER_PATHS = NO;
				CLANG_CXX_LANGUAGE_STANDARD = "gnu++0x";
				CLANG_CXX_LIBRARY = "libc++";
				CLANG_ENABLE_MODULES = YES;
				CLANG_ENABLE_OBJC_ARC = YES;
				CLANG_WARN_BOOL_CONVERSION = YES;
				CLANG_WARN_CONSTANT_CONVERSION = YES;
				CLANG_WARN_DIRECT_OBJC_ISA_USAGE = YES_ERROR;
				CLANG_WARN_EMPTY_BODY = YES;
				CLANG_WARN_ENUM_CONVERSION = YES;
				CLANG_WARN_INT_CONVERSION = YES;
				CLANG_WARN_OBJC_ROOT_CLASS = YES_ERROR;
				CLANG_WARN_UNREACHABLE_CODE = YES;
				CLANG_WARN__DUPLICATE_METHOD_MATCH = YES;
				"CODE_SIGN_IDENTITY[sdk=iphoneos*]" = "iPhone Developer";
				COPY_PHASE_STRIP = NO;
				DEBUG_INFORMATION_FORMAT = "dwarf-with-dsym";
				ENABLE_NS_ASSERTIONS = NO;
				ENABLE_STRICT_OBJC_MSGSEND = YES;
				GCC_C_LANGUAGE_STANDARD = gnu99;
				GCC_NO_COMMON_BLOCKS = YES;
				GCC_WARN_64_TO_32_BIT_CONVERSION = YES;
				GCC_WARN_ABOUT_RETURN_TYPE = YES_ERROR;
				GCC_WARN_UNDECLARED_SELECTOR = YES;
				GCC_WARN_UNINITIALIZED_AUTOS = YES_AGGRESSIVE;
				GCC_WARN_UNUSED_FUNCTION = YES;
				GCC_WARN_UNUSED_VARIABLE = YES;
				IPHONEOS_DEPLOYMENT_TARGET = 9.0;
				MTL_ENABLE_DEBUG_INFO = NO;
				SDKROOT = iphoneos;
				VALIDATE_PRODUCT = YES;
			};
			name = Release;
		};
		9734C2E31BFD5C5D005E0E5E /* Debug */ = {
			isa = XCBuildConfiguration;
			buildSettings = {
				ASSETCATALOG_COMPILER_APPICON_NAME = AppIcon;
				CLANG_ENABLE_OBJC_ARC = NO;
				FRAMEWORK_SEARCH_PATHS = (
					"$(inherited)",
					"$(PROJECT_DIR)/BayLe/3rdLibs/GaoDeMap",
				);
				INFOPLIST_FILE = BayLe/Info.plist;
				IPHONEOS_DEPLOYMENT_TARGET = 7.0;
				LD_RUNPATH_SEARCH_PATHS = "$(inherited) @executable_path/Frameworks";
				LIBRARY_SEARCH_PATHS = (
					"$(inherited)",
					"$(PROJECT_DIR)/BayLe/3rdLibs/JPushSDK",
				);
				PRODUCT_BUNDLE_IDENTIFIER = com.kekestudio.BayLe;
				PRODUCT_NAME = "$(TARGET_NAME)";
			};
			name = Debug;
		};
		9734C2E41BFD5C5D005E0E5E /* Release */ = {
			isa = XCBuildConfiguration;
			buildSettings = {
				ASSETCATALOG_COMPILER_APPICON_NAME = AppIcon;
				CLANG_ENABLE_OBJC_ARC = NO;
				FRAMEWORK_SEARCH_PATHS = (
					"$(inherited)",
					"$(PROJECT_DIR)/BayLe/3rdLibs/GaoDeMap",
				);
				INFOPLIST_FILE = BayLe/Info.plist;
				IPHONEOS_DEPLOYMENT_TARGET = 7.0;
				LD_RUNPATH_SEARCH_PATHS = "$(inherited) @executable_path/Frameworks";
				LIBRARY_SEARCH_PATHS = (
					"$(inherited)",
					"$(PROJECT_DIR)/BayLe/3rdLibs/JPushSDK",
				);
				PRODUCT_BUNDLE_IDENTIFIER = com.kekestudio.BayLe;
				PRODUCT_NAME = "$(TARGET_NAME)";
			};
			name = Release;
		};
/* End XCBuildConfiguration section */

/* Begin XCConfigurationList section */
		9734C2C61BFD5C5D005E0E5E /* Build configuration list for PBXProject "BayLe" */ = {
			isa = XCConfigurationList;
			buildConfigurations = (
				9734C2E01BFD5C5D005E0E5E /* Debug */,
				9734C2E11BFD5C5D005E0E5E /* Release */,
			);
			defaultConfigurationIsVisible = 0;
			defaultConfigurationName = Release;
		};
		9734C2E21BFD5C5D005E0E5E /* Build configuration list for PBXNativeTarget "BayLe" */ = {
			isa = XCConfigurationList;
			buildConfigurations = (
				9734C2E31BFD5C5D005E0E5E /* Debug */,
				9734C2E41BFD5C5D005E0E5E /* Release */,
			);
			defaultConfigurationIsVisible = 0;
			defaultConfigurationName = Release;
		};
/* End XCConfigurationList section */
	};
	rootObject = 9734C2C31BFD5C5D005E0E5E /* Project object */;
}
